
Microsoft Visual Studio Solution File, Format Version 12.00
# Visual Studio 15
VisualStudioVersion = 15.0.27703.2000
MinimumVisualStudioVersion = 10.0.40219.1
Project("{FAE04EC0-301F-11D3-BF4B-00C04F79EFBC}") = "App01_ConsultarCEP.Android", "App01_ConsultarCEP\App01_ConsultarCEP.Android\App01_ConsultarCEP.Android.csproj", "{8A4237EC-E3CE-4BD2-AB5E-F3B8B2651C00}"
EndProject
Project("{FAE04EC0-301F-11D3-BF4B-00C04F79EFBC}") = "App01_ConsultarCEP.iOS", "App01_ConsultarCEP\App01_ConsultarCEP.iOS\App01_ConsultarCEP.iOS.csproj", "{55CE6292-8F63-4E3F-A7D7-A72C190CF37D}"
EndProject
Project("{FAE04EC0-301F-11D3-BF4B-00C04F79EFBC}") = "App01_ConsultarCEP.UWP", "App01_ConsultarCEP\App01_ConsultarCEP.UWP\App01_ConsultarCEP.UWP.csproj", "{3AB73522-D577-40E2-B023-D8E92FB8915D}"
EndProject
Project("{FAE04EC0-301F-11D3-BF4B-00C04F79EFBC}") = "App01_ConsultarCEP", "App01_ConsultarCEP\App01_ConsultarCEP\App01_ConsultarCEP.csproj", "{562A5D4E-FF5D-46F3-9F61-DFEE21C29860}"
EndProject
Global
	GlobalSection(SolutionConfigurationPlatforms) = preSolution
		Ad-Hoc|Any CPU = Ad-Hoc|Any CPU
		Ad-Hoc|ARM = Ad-Hoc|ARM
		Ad-Hoc|iPhone = Ad-Hoc|iPhone
		Ad-Hoc|iPhoneSimulator = Ad-Hoc|iPhoneSimulator
		Ad-Hoc|x64 = Ad-Hoc|x64
		Ad-Hoc|x86 = Ad-Hoc|x86
		AppStore|Any CPU = AppStore|Any CPU
		AppStore|ARM = AppStore|ARM
		AppStore|iPhone = AppStore|iPhone
		AppStore|iPhoneSimulator = AppStore|iPhoneSimulator
		AppStore|x64 = AppStore|x64
		AppStore|x86 = AppStore|x86
		Debug|Any CPU = Debug|Any CPU
		Debug|ARM = Debug|ARM
		Debug|iPhone = Debug|iPhone
		Debug|iPhoneSimulator = Debug|iPhoneSimulator
		Debug|x64 = Debug|x64
		Debug|x86 = Debug|x86
		Release|Any CPU = Release|Any CPU
		Release|ARM = Release|ARM
		Release|iPhone = Release|iPhone
		Release|iPhoneSimulator = Release|iPhoneSimulator
		Release|x64 = Release|x64
		Release|x86 = Release|x86
	EndGlobalSection
	GlobalSection(ProjectConfigurationPlatforms) = postSolution
		{8A4237EC-E3CE-4BD2-AB5E-F3B8B2651C00}.Ad-Hoc|Any CPU.ActiveCfg = Release|Any CPU
		{8A4237EC-E3CE-4BD2-AB5E-F3B8B2651C00}.Ad-Hoc|Any CPU.Build.0 = Release|Any CPU
		{8A4237EC-E3CE-4BD2-AB5E-F3B8B2651C00}.Ad-Hoc|Any CPU.Deploy.0 = Release|Any CPU
		{8A4237EC-E3CE-4BD2-AB5E-F3B8B2651C00}.Ad-Hoc|ARM.ActiveCfg = Release|Any CPU
		{8A4237EC-E3CE-4BD2-AB5E-F3B8B2651C00}.Ad-Hoc|ARM.Build.0 = Release|Any CPU
		{8A4237EC-E3CE-4BD2-AB5E-F3B8B2651C00}.Ad-Hoc|ARM.Deploy.0 = Release|Any CPU
		{8A4237EC-E3CE-4BD2-AB5E-F3B8B2651C00}.Ad-Hoc|iPhone.ActiveCfg = Release|Any CPU
		{8A4237EC-E3CE-4BD2-AB5E-F3B8B2651C00}.Ad-Hoc|iPhone.Build.0 = Release|Any CPU
		{8A4237EC-E3CE-4BD2-AB5E-F3B8B2651C00}.Ad-Hoc|iPhone.Deploy.0 = Release|Any CPU
		{8A4237EC-E3CE-4BD2-AB5E-F3B8B2651C00}.Ad-Hoc|iPhoneSimulator.ActiveCfg = Release|Any CPU
		{8A4237EC-E3CE-4BD2-AB5E-F3B8B2651C00}.Ad-Hoc|iPhoneSimulator.Build.0 = Release|Any CPU
		{8A4237EC-E3CE-4BD2-AB5E-F3B8B2651C00}.Ad-Hoc|iPhoneSimulator.Deploy.0 = Release|Any CPU
		{8A4237EC-E3CE-4BD2-AB5E-F3B8B2651C00}.Ad-Hoc|x64.ActiveCfg = Release|Any CPU
		{8A4237EC-E3CE-4BD2-AB5E-F3B8B2651C00}.Ad-Hoc|x64.Build.0 = Release|Any CPU
		{8A4237EC-E3CE-4BD2-AB5E-F3B8B2651C00}.Ad-Hoc|x64.Deploy.0 = Release|Any CPU
		{8A4237EC-E3CE-4BD2-AB5E-F3B8B2651C00}.Ad-Hoc|x86.ActiveCfg = Release|Any CPU
		{8A4237EC-E3CE-4BD2-AB5E-F3B8B2651C00}.Ad-Hoc|x86.Build.0 = Release|Any CPU
		{8A4237EC-E3CE-4BD2-AB5E-F3B8B2651C00}.Ad-Hoc|x86.Deploy.0 = Release|Any CPU
		{8A4237EC-E3CE-4BD2-AB5E-F3B8B2651C00}.AppStore|Any CPU.ActiveCfg = Release|Any CPU
		{8A4237EC-E3CE-4BD2-AB5E-F3B8B2651C00}.AppStore|Any CPU.Build.0 = Release|Any CPU
		{8A4237EC-E3CE-4BD2-AB5E-F3B8B2651C00}.AppStore|Any CPU.Deploy.0 = Release|Any CPU
		{8A4237EC-E3CE-4BD2-AB5E-F3B8B2651C00}.AppStore|ARM.ActiveCfg = Release|Any CPU
		{8A4237EC-E3CE-4BD2-AB5E-F3B8B2651C00}.AppStore|ARM.Build.0 = Release|Any CPU
		{8A4237EC-E3CE-4BD2-AB5E-F3B8B2651C00}.AppStore|ARM.Deploy.0 = Release|Any CPU
		{8A4237EC-E3CE-4BD2-AB5E-F3B8B2651C00}.AppStore|iPhone.ActiveCfg = Release|Any CPU
		{8A4237EC-E3CE-4BD2-AB5E-F3B8B2651C00}.AppStore|iPhone.Build.0 = Release|Any CPU
		{8A4237EC-E3CE-4BD2-AB5E-F3B8B2651C00}.AppStore|iPhone.Deploy.0 = Release|Any CPU
		{8A4237EC-E3CE-4BD2-AB5E-F3B8B2651C00}.AppStore|iPhoneSimulator.ActiveCfg = Release|Any CPU
		{8A4237EC-E3CE-4BD2-AB5E-F3B8B2651C00}.AppStore|iPhoneSimulator.Build.0 = Release|Any CPU
		{8A4237EC-E3CE-4BD2-AB5E-F3B8B2651C00}.AppStore|iPhoneSimulator.Deploy.0 = Release|Any CPU
		{8A4237EC-E3CE-4BD2-AB5E-F3B8B2651C00}.AppStore|x64.ActiveCfg = Release|Any CPU
		{8A4237EC-E3CE-4BD2-AB5E-F3B8B2651C00}.AppStore|x64.Build.0 = Release|Any CPU
		{8A4237EC-E3CE-4BD2-AB5E-F3B8B2651C00}.AppStore|x64.Deploy.0 = Release|Any CPU
		{8A4237EC-E3CE-4BD2-AB5E-F3B8B2651C00}.AppStore|x86.ActiveCfg = Release|Any CPU
		{8A4237EC-E3CE-4BD2-AB5E-F3B8B2651C00}.AppStore|x86.Build.0 = Release|Any CPU
		{8A4237EC-E3CE-4BD2-AB5E-F3B8B2651C00}.AppStore|x86.Deploy.0 = Release|Any CPU
		{8A4237EC-E3CE-4BD2-AB5E-F3B8B2651C00}.Debug|Any CPU.ActiveCfg = Debug|Any CPU
		{8A4237EC-E3CE-4BD2-AB5E-F3B8B2651C00}.Debug|Any CPU.Build.0 = Debug|Any CPU
		{8A4237EC-E3CE-4BD2-AB5E-F3B8B2651C00}.Debug|Any CPU.Deploy.0 = Debug|Any CPU
		{8A4237EC-E3CE-4BD2-AB5E-F3B8B2651C00}.Debug|ARM.ActiveCfg = Debug|Any CPU
		{8A4237EC-E3CE-4BD2-AB5E-F3B8B2651C00}.Debug|ARM.Build.0 = Debug|Any CPU
		{8A4237EC-E3CE-4BD2-AB5E-F3B8B2651C00}.Debug|ARM.Deploy.0 = Debug|Any CPU
		{8A4237EC-E3CE-4BD2-AB5E-F3B8B2651C00}.Debug|iPhone.ActiveCfg = Debug|Any CPU
		{8A4237EC-E3CE-4BD2-AB5E-F3B8B2651C00}.Debug|iPhone.Build.0 = Debug|Any CPU
		{8A4237EC-E3CE-4BD2-AB5E-F3B8B2651C00}.Debug|iPhone.Deploy.0 = Debug|Any CPU
		{8A4237EC-E3CE-4BD2-AB5E-F3B8B2651C00}.Debug|iPhoneSimulator.ActiveCfg = Debug|Any CPU
		{8A4237EC-E3CE-4BD2-AB5E-F3B8B2651C00}.Debug|iPhoneSimulator.Build.0 = Debug|Any CPU
		{8A4237EC-E3CE-4BD2-AB5E-F3B8B2651C00}.Debug|iPhoneSimulator.Deploy.0 = Debug|Any CPU
		{8A4237EC-E3CE-4BD2-AB5E-F3B8B2651C00}.Debug|x64.ActiveCfg = Debug|Any CPU
		{8A4237EC-E3CE-4BD2-AB5E-F3B8B2651C00}.Debug|x64.Build.0 = Debug|Any CPU
		{8A4237EC-E3CE-4BD2-AB5E-F3B8B2651C00}.Debug|x64.Deploy.0 = Debug|Any CPU
		{8A4237EC-E3CE-4BD2-AB5E-F3B8B2651C00}.Debug|x86.ActiveCfg = Debug|Any CPU
		{8A4237EC-E3CE-4BD2-AB5E-F3B8B2651C00}.Debug|x86.Build.0 = Debug|Any CPU
		{8A4237EC-E3CE-4BD2-AB5E-F3B8B2651C00}.Debug|x86.Deploy.0 = Debug|Any CPU
		{8A4237EC-E3CE-4BD2-AB5E-F3B8B2651C00}.Release|Any CPU.ActiveCfg = Release|Any CPU
		{8A4237EC-E3CE-4BD2-AB5E-F3B8B2651C00}.Release|Any CPU.Build.0 = Release|Any CPU
		{8A4237EC-E3CE-4BD2-AB5E-F3B8B2651C00}.Release|Any CPU.Deploy.0 = Release|Any CPU
		{8A4237EC-E3CE-4BD2-AB5E-F3B8B2651C00}.Release|ARM.ActiveCfg = Release|Any CPU
		{8A4237EC-E3CE-4BD2-AB5E-F3B8B2651C00}.Release|ARM.Build.0 = Release|Any CPU
		{8A4237EC-E3CE-4BD2-AB5E-F3B8B2651C00}.Release|ARM.Deploy.0 = Release|Any CPU
		{8A4237EC-E3CE-4BD2-AB5E-F3B8B2651C00}.Release|iPhone.ActiveCfg = Release|Any CPU
		{8A4237EC-E3CE-4BD2-AB5E-F3B8B2651C00}.Release|iPhone.Build.0 = Release|Any CPU
		{8A4237EC-E3CE-4BD2-AB5E-F3B8B2651C00}.Release|iPhone.Deploy.0 = Release|Any CPU
		{8A4237EC-E3CE-4BD2-AB5E-F3B8B2651C00}.Release|iPhoneSimulator.ActiveCfg = Release|Any CPU
		{8A4237EC-E3CE-4BD2-AB5E-F3B8B2651C00}.Release|iPhoneSimulator.Build.0 = Release|Any CPU
		{8A4237EC-E3CE-4BD2-AB5E-F3B8B2651C00}.Release|iPhoneSimulator.Deploy.0 = Release|Any CPU
		{8A4237EC-E3CE-4BD2-AB5E-F3B8B2651C00}.Release|x64.ActiveCfg = Release|Any CPU
		{8A4237EC-E3CE-4BD2-AB5E-F3B8B2651C00}.Release|x64.Build.0 = Release|Any CPU
		{8A4237EC-E3CE-4BD2-AB5E-F3B8B2651C00}.Release|x64.Deploy.0 = Release|Any CPU
		{8A4237EC-E3CE-4BD2-AB5E-F3B8B2651C00}.Release|x86.ActiveCfg = Release|Any CPU
		{8A4237EC-E3CE-4BD2-AB5E-F3B8B2651C00}.Release|x86.Build.0 = Release|Any CPU
		{8A4237EC-E3CE-4BD2-AB5E-F3B8B2651C00}.Release|x86.Deploy.0 = Release|Any CPU
		{55CE6292-8F63-4E3F-A7D7-A72C190CF37D}.Ad-Hoc|Any CPU.ActiveCfg = Ad-Hoc|iPhone
		{55CE6292-8F63-4E3F-A7D7-A72C190CF37D}.Ad-Hoc|Any CPU.Build.0 = Ad-Hoc|iPhone
		{55CE6292-8F63-4E3F-A7D7-A72C190CF37D}.Ad-Hoc|Any CPU.Deploy.0 = Ad-Hoc|iPhone
		{55CE6292-8F63-4E3F-A7D7-A72C190CF37D}.Ad-Hoc|ARM.ActiveCfg = Ad-Hoc|iPhone
		{55CE6292-8F63-4E3F-A7D7-A72C190CF37D}.Ad-Hoc|ARM.Build.0 = Ad-Hoc|iPhone
		{55CE6292-8F63-4E3F-A7D7-A72C190CF37D}.Ad-Hoc|ARM.Deploy.0 = Ad-Hoc|iPhone
		{55CE6292-8F63-4E3F-A7D7-A72C190CF37D}.Ad-Hoc|iPhone.ActiveCfg = Ad-Hoc|iPhone
		{55CE6292-8F63-4E3F-A7D7-A72C190CF37D}.Ad-Hoc|iPhone.Build.0 = Ad-Hoc|iPhone
		{55CE6292-8F63-4E3F-A7D7-A72C190CF37D}.Ad-Hoc|iPhone.Deploy.0 = Ad-Hoc|iPhone
		{55CE6292-8F63-4E3F-A7D7-A72C190CF37D}.Ad-Hoc|iPhoneSimulator.ActiveCfg = Ad-Hoc|iPhoneSimulator
		{55CE6292-8F63-4E3F-A7D7-A72C190CF37D}.Ad-Hoc|iPhoneSimulator.Build.0 = Ad-Hoc|iPhoneSimulator
		{55CE6292-8F63-4E3F-A7D7-A72C190CF37D}.Ad-Hoc|iPhoneSimulator.Deploy.0 = Ad-Hoc|iPhoneSimulator
		{55CE6292-8F63-4E3F-A7D7-A72C190CF37D}.Ad-Hoc|x64.ActiveCfg = Ad-Hoc|iPhone
		{55CE6292-8F63-4E3F-A7D7-A72C190CF37D}.Ad-Hoc|x64.Build.0 = Ad-Hoc|iPhone
		{55CE6292-8F63-4E3F-A7D7-A72C190CF37D}.Ad-Hoc|x64.Deploy.0 = Ad-Hoc|iPhone
		{55CE6292-8F63-4E3F-A7D7-A72C190CF37D}.Ad-Hoc|x86.ActiveCfg = Ad-Hoc|iPhone
		{55CE6292-8F63-4E3F-A7D7-A72C190CF37D}.Ad-Hoc|x86.Build.0 = Ad-Hoc|iPhone
		{55CE6292-8F63-4E3F-A7D7-A72C190CF37D}.Ad-Hoc|x86.Deploy.0 = Ad-Hoc|iPhone
		{55CE6292-8F63-4E3F-A7D7-A72C190CF37D}.AppStore|Any CPU.ActiveCfg = AppStore|iPhone
		{55CE6292-8F63-4E3F-A7D7-A72C190CF37D}.AppStore|Any CPU.Build.0 = AppStore|iPhone
		{55CE6292-8F63-4E3F-A7D7-A72C190CF37D}.AppStore|Any CPU.Deploy.0 = AppStore|iPhone
		{55CE6292-8F63-4E3F-A7D7-A72C190CF37D}.AppStore|ARM.ActiveCfg = AppStore|iPhone
		{55CE6292-8F63-4E3F-A7D7-A72C190CF37D}.AppStore|ARM.Build.0 = AppStore|iPhone
		{55CE6292-8F63-4E3F-A7D7-A72C190CF37D}.AppStore|ARM.Deploy.0 = AppStore|iPhone
		{55CE6292-8F63-4E3F-A7D7-A72C190CF37D}.AppStore|iPhone.ActiveCfg = AppStore|iPhone
		{55CE6292-8F63-4E3F-A7D7-A72C190CF37D}.AppStore|iPhone.Build.0 = AppStore|iPhone
		{55CE6292-8F63-4E3F-A7D7-A72C190CF37D}.AppStore|iPhone.Deploy.0 = AppStore|iPhone
		{55CE6292-8F63-4E3F-A7D7-A72C190CF37D}.AppStore|iPhoneSimulator.ActiveCfg = AppStore|iPhoneSimulator
		{55CE6292-8F63-4E3F-A7D7-A72C190CF37D}.AppStore|iPhoneSimulator.Build.0 = AppStore|iPhoneSimulator
		{55CE6292-8F63-4E3F-A7D7-A72C190CF37D}.AppStore|iPhoneSimulator.Deploy.0 = AppStore|iPhoneSimulator
		{55CE6292-8F63-4E3F-A7D7-A72C190CF37D}.AppStore|x64.ActiveCfg = AppStore|iPhone
		{55CE6292-8F63-4E3F-A7D7-A72C190CF37D}.AppStore|x64.Build.0 = AppStore|iPhone
		{55CE6292-8F63-4E3F-A7D7-A72C190CF37D}.AppStore|x64.Deploy.0 = AppStore|iPhone
		{55CE6292-8F63-4E3F-A7D7-A72C190CF37D}.AppStore|x86.ActiveCfg = AppStore|iPhone
		{55CE6292-8F63-4E3F-A7D7-A72C190CF37D}.AppStore|x86.Build.0 = AppStore|iPhone
		{55CE6292-8F63-4E3F-A7D7-A72C190CF37D}.AppStore|x86.Deploy.0 = AppStore|iPhone
		{55CE6292-8F63-4E3F-A7D7-A72C190CF37D}.Debug|Any CPU.ActiveCfg = Debug|iPhoneSimulator
		{55CE6292-8F63-4E3F-A7D7-A72C190CF37D}.Debug|Any CPU.Build.0 = Debug|iPhoneSimulator
		{55CE6292-8F63-4E3F-A7D7-A72C190CF37D}.Debug|Any CPU.Deploy.0 = Debug|iPhoneSimulator
		{55CE6292-8F63-4E3F-A7D7-A72C190CF37D}.Debug|ARM.ActiveCfg = Debug|iPhone
		{55CE6292-8F63-4E3F-A7D7-A72C190CF37D}.Debug|ARM.Build.0 = Debug|iPhone
		{55CE6292-8F63-4E3F-A7D7-A72C190CF37D}.Debug|ARM.Deploy.0 = Debug|iPhone
		{55CE6292-8F63-4E3F-A7D7-A72C190CF37D}.Debug|iPhone.ActiveCfg = Debug|iPhone
		{55CE6292-8F63-4E3F-A7D7-A72C190CF37D}.Debug|iPhone.Build.0 = Debug|iPhone
		{55CE6292-8F63-4E3F-A7D7-A72C190CF37D}.Debug|iPhone.Deploy.0 = Debug|iPhone
		{55CE6292-8F63-4E3F-A7D7-A72C190CF37D}.Debug|iPhoneSimulator.ActiveCfg = Debug|iPhoneSimulator
		{55CE6292-8F63-4E3F-A7D7-A72C190CF37D}.Debug|iPhoneSimulator.Build.0 = Debug|iPhoneSimulator
		{55CE6292-8F63-4E3F-A7D7-A72C190CF37D}.Debug|iPhoneSimulator.Deploy.0 = Debug|iPhoneSimulator
		{55CE6292-8F63-4E3F-A7D7-A72C190CF37D}.Debug|x64.ActiveCfg = Debug|iPhone
		{55CE6292-8F63-4E3F-A7D7-A72C190CF37D}.Debug|x64.Build.0 = Debug|iPhone
		{55CE6292-8F63-4E3F-A7D7-A72C190CF37D}.Debug|x64.Deploy.0 = Debug|iPhone
		{55CE6292-8F63-4E3F-A7D7-A72C190CF37D}.Debug|x86.ActiveCfg = Debug|iPhone
		{55CE6292-8F63-4E3F-A7D7-A72C190CF37D}.Debug|x86.Build.0 = Debug|iPhone
		{55CE6292-8F63-4E3F-A7D7-A72C190CF37D}.Debug|x86.Deploy.0 = Debug|iPhone
		{55CE6292-8F63-4E3F-A7D7-A72C190CF37D}.Release|Any CPU.ActiveCfg = Release|iPhone
		{55CE6292-8F63-4E3F-A7D7-A72C190CF37D}.Release|Any CPU.Build.0 = Release|iPhone
		{55CE6292-8F63-4E3F-A7D7-A72C190CF37D}.Release|Any CPU.Deploy.0 = Release|iPhone
		{55CE6292-8F63-4E3F-A7D7-A72C190CF37D}.Release|ARM.ActiveCfg = Release|iPhone
		{55CE6292-8F63-4E3F-A7D7-A72C190CF37D}.Release|ARM.Build.0 = Release|iPhone
		{55CE6292-8F63-4E3F-A7D7-A72C190CF37D}.Release|ARM.Deploy.0 = Release|iPhone
		{55CE6292-8F63-4E3F-A7D7-A72C190CF37D}.Release|iPhone.ActiveCfg = Release|iPhone
		{55CE6292-8F63-4E3F-A7D7-A72C190CF37D}.Release|iPhone.Build.0 = Release|iPhone
		{55CE6292-8F63-4E3F-A7D7-A72C190CF37D}.Release|iPhone.Deploy.0 = Release|iPhone
		{55CE6292-8F63-4E3F-A7D7-A72C190CF37D}.Release|iPhoneSimulator.ActiveCfg = Release|iPhoneSimulator
		{55CE6292-8F63-4E3F-A7D7-A72C190CF37D}.Release|iPhoneSimulator.Build.0 = Release|iPhoneSimulator
		{55CE6292-8F63-4E3F-A7D7-A72C190CF37D}.Release|iPhoneSimulator.Deploy.0 = Release|iPhoneSimulator
		{55CE6292-8F63-4E3F-A7D7-A72C190CF37D}.Release|x64.ActiveCfg = Release|iPhone
		{55CE6292-8F63-4E3F-A7D7-A72C190CF37D}.Release|x64.Build.0 = Release|iPhone
		{55CE6292-8F63-4E3F-A7D7-A72C190CF37D}.Release|x64.Deploy.0 = Release|iPhone
		{55CE6292-8F63-4E3F-A7D7-A72C190CF37D}.Release|x86.ActiveCfg = Release|iPhone
		{55CE6292-8F63-4E3F-A7D7-A72C190CF37D}.Release|x86.Build.0 = Release|iPhone
		{55CE6292-8F63-4E3F-A7D7-A72C190CF37D}.Release|x86.Deploy.0 = Release|iPhone
		{3AB73522-D577-40E2-B023-D8E92FB8915D}.Ad-Hoc|Any CPU.ActiveCfg = Release|x86
		{3AB73522-D577-40E2-B023-D8E92FB8915D}.Ad-Hoc|Any CPU.Build.0 = Release|x86
		{3AB73522-D577-40E2-B023-D8E92FB8915D}.Ad-Hoc|Any CPU.Deploy.0 = Release|x86
		{3AB73522-D577-40E2-B023-D8E92FB8915D}.Ad-Hoc|ARM.ActiveCfg = Release|ARM
		{3AB73522-D577-40E2-B023-D8E92FB8915D}.Ad-Hoc|ARM.Build.0 = Release|ARM
		{3AB73522-D577-40E2-B023-D8E92FB8915D}.Ad-Hoc|ARM.Deploy.0 = Release|ARM
		{3AB73522-D577-40E2-B023-D8E92FB8915D}.Ad-Hoc|iPhone.ActiveCfg = Release|x86
		{3AB73522-D577-40E2-B023-D8E92FB8915D}.Ad-Hoc|iPhone.Build.0 = Release|x86
		{3AB73522-D577-40E2-B023-D8E92FB8915D}.Ad-Hoc|iPhone.Deploy.0 = Release|x86
		{3AB73522-D577-40E2-B023-D8E92FB8915D}.Ad-Hoc|iPhoneSimulator.ActiveCfg = Release|x86
		{3AB73522-D577-40E2-B023-D8E92FB8915D}.Ad-Hoc|iPhoneSimulator.Build.0 = Release|x86
		{3AB73522-D577-40E2-B023-D8E92FB8915D}.Ad-Hoc|iPhoneSimulator.Deploy.0 = Release|x86
		{3AB73522-D577-40E2-B023-D8E92FB8915D}.Ad-Hoc|x64.ActiveCfg = Release|x64
		{3AB73522-D577-40E2-B023-D8E92FB8915D}.Ad-Hoc|x64.Build.0 = Release|x64
		{3AB73522-D577-40E2-B023-D8E92FB8915D}.Ad-Hoc|x64.Deploy.0 = Release|x64
		{3AB73522-D577-40E2-B023-D8E92FB8915D}.Ad-Hoc|x86.ActiveCfg = Release|x86
		{3AB73522-D577-40E2-B023-D8E92FB8915D}.Ad-Hoc|x86.Build.0 = Release|x86
		{3AB73522-D577-40E2-B023-D8E92FB8915D}.Ad-Hoc|x86.Deploy.0 = Release|x86
		{3AB73522-D577-40E2-B023-D8E92FB8915D}.AppStore|Any CPU.ActiveCfg = Release|x86
		{3AB73522-D577-40E2-B023-D8E92FB8915D}.AppStore|Any CPU.Build.0 = Release|x86
		{3AB73522-D577-40E2-B023-D8E92FB8915D}.AppStore|Any CPU.Deploy.0 = Release|x86
		{3AB73522-D577-40E2-B023-D8E92FB8915D}.AppStore|ARM.ActiveCfg = Release|ARM
		{3AB73522-D577-40E2-B023-D8E92FB8915D}.AppStore|ARM.Build.0 = Release|ARM
		{3AB73522-D577-40E2-B023-D8E92FB8915D}.AppStore|ARM.Deploy.0 = Release|ARM
		{3AB73522-D577-40E2-B023-D8E92FB8915D}.AppStore|iPhone.ActiveCfg = Release|x86
		{3AB73522-D577-40E2-B023-D8E92FB8915D}.AppStore|iPhone.Build.0 = Release|x86
		{3AB73522-D577-40E2-B023-D8E92FB8915D}.AppStore|iPhone.Deploy.0 = Release|x86
		{3AB73522-D577-40E2-B023-D8E92FB8915D}.AppStore|iPhoneSimulator.ActiveCfg = Release|x86
		{3AB73522-D577-40E2-B023-D8E92FB8915D}.AppStore|iPhoneSimulator.Build.0 = Release|x86
		{3AB73522-D577-40E2-B023-D8E92FB8915D}.AppStore|iPhoneSimulator.Deploy.0 = Release|x86
		{3AB73522-D577-40E2-B023-D8E92FB8915D}.AppStore|x64.ActiveCfg = Release|x64
		{3AB73522-D577-40E2-B023-D8E92FB8915D}.AppStore|x64.Build.0 = Release|x64
		{3AB73522-D577-40E2-B023-D8E92FB8915D}.AppStore|x64.Deploy.0 = Release|x64
		{3AB73522-D577-40E2-B023-D8E92FB8915D}.AppStore|x86.ActiveCfg = Release|x86
		{3AB73522-D577-40E2-B023-D8E92FB8915D}.AppStore|x86.Build.0 = Release|x86
		{3AB73522-D577-40E2-B023-D8E92FB8915D}.AppStore|x86.Deploy.0 = Release|x86
		{3AB73522-D577-40E2-B023-D8E92FB8915D}.Debug|Any CPU.ActiveCfg = Debug|x86
		{3AB73522-D577-40E2-B023-D8E92FB8915D}.Debug|Any CPU.Build.0 = Debug|x86
		{3AB73522-D577-40E2-B023-D8E92FB8915D}.Debug|Any CPU.Deploy.0 = Debug|x86
		{3AB73522-D577-40E2-B023-D8E92FB8915D}.Debug|ARM.ActiveCfg = Debug|ARM
		{3AB73522-D577-40E2-B023-D8E92FB8915D}.Debug|ARM.Build.0 = Debug|ARM
		{3AB73522-D577-40E2-B023-D8E92FB8915D}.Debug|ARM.Deploy.0 = Debug|ARM
		{3AB73522-D577-40E2-B023-D8E92FB8915D}.Debug|iPhone.ActiveCfg = Debug|x86
		{3AB73522-D577-40E2-B023-D8E92FB8915D}.Debug|iPhone.Build.0 = Debug|x86
		{3AB73522-D577-40E2-B023-D8E92FB8915D}.Debug|iPhone.Deploy.0 = Debug|x86
		{3AB73522-D577-40E2-B023-D8E92FB8915D}.Debug|iPhoneSimulator.ActiveCfg = Debug|x86
		{3AB73522-D577-40E2-B023-D8E92FB8915D}.Debug|iPhoneSimulator.Build.0 = Debug|x86
		{3AB73522-D577-40E2-B023-D8E92FB8915D}.Debug|iPhoneSimulator.Deploy.0 = Debug|x86
		{3AB73522-D577-40E2-B023-D8E92FB8915D}.Debug|x64.ActiveCfg = Debug|x64
		{3AB73522-D577-40E2-B023-D8E92FB8915D}.Debug|x64.Build.0 = Debug|x64
		{3AB73522-D577-40E2-B023-D8E92FB8915D}.Debug|x64.Deploy.0 = Debug|x64
		{3AB73522-D577-40E2-B023-D8E92FB8915D}.Debug|x86.ActiveCfg = Debug|x86
		{3AB73522-D577-40E2-B023-D8E92FB8915D}.Debug|x86.Build.0 = Debug|x86
		{3AB73522-D577-40E2-B023-D8E92FB8915D}.Debug|x86.Deploy.0 = Debug|x86
		{3AB73522-D577-40E2-B023-D8E92FB8915D}.Release|Any CPU.ActiveCfg = Release|x86
		{3AB73522-D577-40E2-B023-D8E92FB8915D}.Release|Any CPU.Build.0 = Release|x86
		{3AB73522-D577-40E2-B023-D8E92FB8915D}.Release|Any CPU.Deploy.0 = Release|x86
		{3AB73522-D577-40E2-B023-D8E92FB8915D}.Release|ARM.ActiveCfg = Release|ARM
		{3AB73522-D577-40E2-B023-D8E92FB8915D}.Release|ARM.Build.0 = Release|ARM
		{3AB73522-D577-40E2-B023-D8E92FB8915D}.Release|ARM.Deploy.0 = Release|ARM
		{3AB73522-D577-40E2-B023-D8E92FB8915D}.Release|iPhone.ActiveCfg = Release|x86
		{3AB73522-D577-40E2-B023-D8E92FB8915D}.Release|iPhone.Build.0 = Release|x86
		{3AB73522-D577-40E2-B023-D8E92FB8915D}.Release|iPhone.Deploy.0 = Release|x86
		{3AB73522-D577-40E2-B023-D8E92FB8915D}.Release|iPhoneSimulator.ActiveCfg = Release|x86
		{3AB73522-D577-40E2-B023-D8E92FB8915D}.Release|iPhoneSimulator.Build.0 = Release|x86
		{3AB73522-D577-40E2-B023-D8E92FB8915D}.Release|iPhoneSimulator.Deploy.0 = Release|x86
		{3AB73522-D577-40E2-B023-D8E92FB8915D}.Release|x64.ActiveCfg = Release|x64
		{3AB73522-D577-40E2-B023-D8E92FB8915D}.Release|x64.Build.0 = Release|x64
		{3AB73522-D577-40E2-B023-D8E92FB8915D}.Release|x64.Deploy.0 = Release|x64
		{3AB73522-D577-40E2-B023-D8E92FB8915D}.Release|x86.ActiveCfg = Release|x86
		{3AB73522-D577-40E2-B023-D8E92FB8915D}.Release|x86.Build.0 = Release|x86
		{3AB73522-D577-40E2-B023-D8E92FB8915D}.Release|x86.Deploy.0 = Release|x86
		{562A5D4E-FF5D-46F3-9F61-DFEE21C29860}.Ad-Hoc|Any CPU.ActiveCfg = Debug|Any CPU
		{562A5D4E-FF5D-46F3-9F61-DFEE21C29860}.Ad-Hoc|Any CPU.Build.0 = Debug|Any CPU
		{562A5D4E-FF5D-46F3-9F61-DFEE21C29860}.Ad-Hoc|Any CPU.Deploy.0 = Debug|Any CPU
		{562A5D4E-FF5D-46F3-9F61-DFEE21C29860}.Ad-Hoc|ARM.ActiveCfg = Debug|Any CPU
		{562A5D4E-FF5D-46F3-9F61-DFEE21C29860}.Ad-Hoc|ARM.Build.0 = Debug|Any CPU
		{562A5D4E-FF5D-46F3-9F61-DFEE21C29860}.Ad-Hoc|ARM.Deploy.0 = Debug|Any CPU
		{562A5D4E-FF5D-46F3-9F61-DFEE21C29860}.Ad-Hoc|iPhone.ActiveCfg = Debug|Any CPU
		{562A5D4E-FF5D-46F3-9F61-DFEE21C29860}.Ad-Hoc|iPhone.Build.0 = Debug|Any CPU
		{562A5D4E-FF5D-46F3-9F61-DFEE21C29860}.Ad-Hoc|iPhone.Deploy.0 = Debug|Any CPU
		{562A5D4E-FF5D-46F3-9F61-DFEE21C29860}.Ad-Hoc|iPhoneSimulator.ActiveCfg = Debug|Any CPU
		{562A5D4E-FF5D-46F3-9F61-DFEE21C29860}.Ad-Hoc|iPhoneSimulator.Build.0 = Debug|Any CPU
		{562A5D4E-FF5D-46F3-9F61-DFEE21C29860}.Ad-Hoc|iPhoneSimulator.Deploy.0 = Debug|Any CPU
		{562A5D4E-FF5D-46F3-9F61-DFEE21C29860}.Ad-Hoc|x64.ActiveCfg = Debug|Any CPU
		{562A5D4E-FF5D-46F3-9F61-DFEE21C29860}.Ad-Hoc|x64.Build.0 = Debug|Any CPU
		{562A5D4E-FF5D-46F3-9F61-DFEE21C29860}.Ad-Hoc|x64.Deploy.0 = Debug|Any CPU
		{562A5D4E-FF5D-46F3-9F61-DFEE21C29860}.Ad-Hoc|x86.ActiveCfg = Debug|Any CPU
		{562A5D4E-FF5D-46F3-9F61-DFEE21C29860}.Ad-Hoc|x86.Build.0 = Debug|Any CPU
		{562A5D4E-FF5D-46F3-9F61-DFEE21C29860}.Ad-Hoc|x86.Deploy.0 = Debug|Any CPU
		{562A5D4E-FF5D-46F3-9F61-DFEE21C29860}.AppStore|Any CPU.ActiveCfg = Debug|Any CPU
		{562A5D4E-FF5D-46F3-9F61-DFEE21C29860}.AppStore|Any CPU.Build.0 = Debug|Any CPU
		{562A5D4E-FF5D-46F3-9F61-DFEE21C29860}.AppStore|Any CPU.Deploy.0 = Debug|Any CPU
		{562A5D4E-FF5D-46F3-9F61-DFEE21C29860}.AppStore|ARM.ActiveCfg = Debug|Any CPU
		{562A5D4E-FF5D-46F3-9F61-DFEE21C29860}.AppStore|ARM.Build.0 = Debug|Any CPU
		{562A5D4E-FF5D-46F3-9F61-DFEE21C29860}.AppStore|ARM.Deploy.0 = Debug|Any CPU
		{562A5D4E-FF5D-46F3-9F61-DFEE21C29860}.AppStore|iPhone.ActiveCfg = Debug|Any CPU
		{562A5D4E-FF5D-46F3-9F61-DFEE21C29860}.AppStore|iPhone.Build.0 = Debug|Any CPU
		{562A5D4E-FF5D-46F3-9F61-DFEE21C29860}.AppStore|iPhone.Deploy.0 = Debug|Any CPU
		{562A5D4E-FF5D-46F3-9F61-DFEE21C29860}.AppStore|iPhoneSimulator.ActiveCfg = Debug|Any CPU
		{562A5D4E-FF5D-46F3-9F61-DFEE21C29860}.AppStore|iPhoneSimulator.Build.0 = Debug|Any CPU
		{562A5D4E-FF5D-46F3-9F61-DFEE21C29860}.AppStore|iPhoneSimulator.Deploy.0 = Debug|Any CPU
		{562A5D4E-FF5D-46F3-9F61-DFEE21C29860}.AppStore|x64.ActiveCfg = Debug|Any CPU
		{562A5D4E-FF5D-46F3-9F61-DFEE21C29860}.AppStore|x64.Build.0 = Debug|Any CPU
		{562A5D4E-FF5D-46F3-9F61-DFEE21C29860}.AppStore|x64.Deploy.0 = Debug|Any CPU
		{562A5D4E-FF5D-46F3-9F61-DFEE21C29860}.AppStore|x86.ActiveCfg = Debug|Any CPU
		{562A5D4E-FF5D-46F3-9F61-DFEE21C29860}.AppStore|x86.Build.0 = Debug|Any CPU
		{562A5D4E-FF5D-46F3-9F61-DFEE21C29860}.AppStore|x86.Deploy.0 = Debug|Any CPU
		{562A5D4E-FF5D-46F3-9F61-DFEE21C29860}.Debug|Any CPU.ActiveCfg = Debug|Any CPU
		{562A5D4E-FF5D-46F3-9F61-DFEE21C29860}.Debug|Any CPU.Build.0 = Debug|Any CPU
		{562A5D4E-FF5D-46F3-9F61-DFEE21C29860}.Debug|Any CPU.Deploy.0 = Debug|Any CPU
		{562A5D4E-FF5D-46F3-9F61-DFEE21C29860}.Debug|ARM.ActiveCfg = Debug|Any CPU
		{562A5D4E-FF5D-46F3-9F61-DFEE21C29860}.Debug|ARM.Build.0 = Debug|Any CPU
		{562A5D4E-FF5D-46F3-9F61-DFEE21C29860}.Debug|ARM.Deploy.0 = Debug|Any CPU
		{562A5D4E-FF5D-46F3-9F61-DFEE21C29860}.Debug|iPhone.ActiveCfg = Debug|Any CPU
		{562A5D4E-FF5D-46F3-9F61-DFEE21C29860}.Debug|iPhone.Build.0 = Debug|Any CPU
		{562A5D4E-FF5D-46F3-9F61-DFEE21C29860}.Debug|iPhone.Deploy.0 = Debug|Any CPU
		{562A5D4E-FF5D-46F3-9F61-DFEE21C29860}.Debug|iPhoneSimulator.ActiveCfg = Debug|Any CPU
		{562A5D4E-FF5D-46F3-9F61-DFEE21C29860}.Debug|iPhoneSimulator.Build.0 = Debug|Any CPU
		{562A5D4E-FF5D-46F3-9F61-DFEE21C29860}.Debug|iPhoneSimulator.Deploy.0 = Debug|Any CPU
		{562A5D4E-FF5D-46F3-9F61-DFEE21C29860}.Debug|x64.ActiveCfg = Debug|Any CPU
		{562A5D4E-FF5D-46F3-9F61-DFEE21C29860}.Debug|x64.Build.0 = Debug|Any CPU
		{562A5D4E-FF5D-46F3-9F61-DFEE21C29860}.Debug|x64.Deploy.0 = Debug|Any CPU
		{562A5D4E-FF5D-46F3-9F61-DFEE21C29860}.Debug|x86.ActiveCfg = Debug|Any CPU
		{562A5D4E-FF5D-46F3-9F61-DFEE21C29860}.Debug|x86.Build.0 = Debug|Any CPU
		{562A5D4E-FF5D-46F3-9F61-DFEE21C29860}.Debug|x86.Deploy.0 = Debug|Any CPU
		{562A5D4E-FF5D-46F3-9F61-DFEE21C29860}.Release|Any CPU.ActiveCfg = Release|Any CPU
		{562A5D4E-FF5D-46F3-9F61-DFEE21C29860}.Release|Any CPU.Build.0 = Release|Any CPU
		{562A5D4E-FF5D-46F3-9F61-DFEE21C29860}.Release|Any CPU.Deploy.0 = Release|Any CPU
		{562A5D4E-FF5D-46F3-9F61-DFEE21C29860}.Release|ARM.ActiveCfg = Release|Any CPU
		{562A5D4E-FF5D-46F3-9F61-DFEE21C29860}.Release|ARM.Build.0 = Release|Any CPU
		{562A5D4E-FF5D-46F3-9F61-DFEE21C29860}.Release|ARM.Deploy.0 = Release|Any CPU
		{562A5D4E-FF5D-46F3-9F61-DFEE21C29860}.Release|iPhone.ActiveCfg = Release|Any CPU
		{562A5D4E-FF5D-46F3-9F61-DFEE21C29860}.Release|iPhone.Build.0 = Release|Any CPU
		{562A5D4E-FF5D-46F3-9F61-DFEE21C29860}.Release|iPhone.Deploy.0 = Release|Any CPU
		{562A5D4E-FF5D-46F3-9F61-DFEE21C29860}.Release|iPhoneSimulator.ActiveCfg = Release|Any CPU
		{562A5D4E-FF5D-46F3-9F61-DFEE21C29860}.Release|iPhoneSimulator.Build.0 = Release|Any CPU
		{562A5D4E-FF5D-46F3-9F61-DFEE21C29860}.Release|iPhoneSimulator.Deploy.0 = Release|Any CPU
		{562A5D4E-FF5D-46F3-9F61-DFEE21C29860}.Release|x64.ActiveCfg = Release|Any CPU
		{562A5D4E-FF5D-46F3-9F61-DFEE21C29860}.Release|x64.Build.0 = Release|Any CPU
		{562A5D4E-FF5D-46F3-9F61-DFEE21C29860}.Release|x64.Deploy.0 = Release|Any CPU
		{562A5D4E-FF5D-46F3-9F61-DFEE21C29860}.Release|x86.ActiveCfg = Release|Any CPU
		{562A5D4E-FF5D-46F3-9F61-DFEE21C29860}.Release|x86.Build.0 = Release|Any CPU
		{562A5D4E-FF5D-46F3-9F61-DFEE21C29860}.Release|x86.Deploy.0 = Release|Any CPU
	EndGlobalSection
	GlobalSection(SolutionProperties) = preSolution
		HideSolutionNode = FALSE
	EndGlobalSection
	GlobalSection(ExtensibilityGlobals) = postSolution
		SolutionGuid = {09C36197-8407-4489-B959-88A31BB7B39D}
	EndGlobalSection
EndGlobal
